Microsoft Visual Studio Solution File, Format Version 11.00
# Visual Studio 2008

Project("{BBE89935-931C-C985-C8D5-321541616C4C}") = "Private benzaiten", "Assembly-CSharp.csproj", "{50F82B59-9911-5916-FEBE-55A5453825EF}"
EndProject
Global
	GlobalSection(SolutionConfigurationPlatforms) = preSolution
		Debug|Any CPU = Debug|Any CPU
		Release|Any CPU = Release|Any CPU
	EndGlobalSection
	GlobalSection(ProjectConfigurationPlatforms) = postSolution
		{50F82B59-9911-5916-FEBE-55A5453825EF}.Debug|Any CPU.ActiveCfg = Debug|Any CPU
		{50F82B59-9911-5916-FEBE-55A5453825EF}.Debug|Any CPU.Build.0 = Debug|Any CPU
		{50F82B59-9911-5916-FEBE-55A5453825EF}.Release|Any CPU.ActiveCfg = Release|Any CPU
		{50F82B59-9911-5916-FEBE-55A5453825EF}.Release|Any CPU.Build.0 = Release|Any CPU
	EndGlobalSection
	GlobalSection(SolutionProperties) = preSolution
		HideSolutionNode = FALSE
	EndGlobalSection
	GlobalSection(MonoDevelopProperties) = preSolution
		StartupItem = Assembly-CSharp.csproj
	EndGlobalSection
EndGlobal
