Microsoft Visual Studio Solution File, Format Version 11.00
# Visual Studio 2008

Project("{27AFB39C-CA16-74A6-644D-A09977609694}") = "Benzaiten_2", "Assembly-CSharp.csproj", "{0FFE5B69-0864-2D9D-265D-C26740928336}"
EndProject
Global
	GlobalSection(SolutionConfigurationPlatforms) = preSolution
		Debug|Any CPU = Debug|Any CPU
		Release|Any CPU = Release|Any CPU
	EndGlobalSection
	GlobalSection(ProjectConfigurationPlatforms) = postSolution
		{0FFE5B69-0864-2D9D-265D-C26740928336}.Debug|Any CPU.ActiveCfg = Debug|Any CPU
		{0FFE5B69-0864-2D9D-265D-C26740928336}.Debug|Any CPU.Build.0 = Debug|Any CPU
		{0FFE5B69-0864-2D9D-265D-C26740928336}.Release|Any CPU.ActiveCfg = Release|Any CPU
		{0FFE5B69-0864-2D9D-265D-C26740928336}.Release|Any CPU.Build.0 = Release|Any CPU
	EndGlobalSection
	GlobalSection(SolutionProperties) = preSolution
		HideSolutionNode = FALSE
	EndGlobalSection
	GlobalSection(MonoDevelopProperties) = preSolution
		StartupItem = Assembly-CSharp.csproj
	EndGlobalSection
EndGlobal
